
Microsoft Visual Studio Solution File, Format Version 12.00
Project("{FAE04EC0-301F-11D3-BF4B-00C04F79EFBC}") = "TestAccountFixes", "TestAccountFixes\TestAccountFixes.csproj", "{F9B9CE2B-1FAA-4A50-BE67-B00CF252C899}"
EndProject
Global
	GlobalSection(SolutionConfigurationPlatforms) = preSolution
		Debug|Any CPU = Debug|Any CPU
		Release|Any CPU = Release|Any CPU
	EndGlobalSection
	GlobalSection(ProjectConfigurationPlatforms) = postSolution
		{F9B9CE2B-1FAA-4A50-BE67-B00CF252C899}.Debug|Any CPU.ActiveCfg = Debug|Any CPU
		{F9B9CE2B-1FAA-4A50-BE67-B00CF252C899}.Debug|Any CPU.Build.0 = Debug|Any CPU
		{F9B9CE2B-1FAA-4A50-BE67-B00CF252C899}.Release|Any CPU.ActiveCfg = Release|Any CPU
		{F9B9CE2B-1FAA-4A50-BE67-B00CF252C899}.Release|Any CPU.Build.0 = Release|Any CPU
	EndGlobalSection
EndGlobal
